
Microsoft Visual Studio Solution File, Format Version 12.00
Project("{FAE04EC0-301F-11D3-BF4B-00C04F79EFBC}") = "Dos.DiscordBot", "Dos.DiscordBot\Dos.DiscordBot.csproj", "{539699EF-108F-43DB-BC2B-77807A65872E}"
EndProject
Project("{FAE04EC0-301F-11D3-BF4B-00C04F79EFBC}") = "Dos.Game", "Dos.Game\Dos.Game.csproj", "{7B2B86A9-06B2-4864-9235-A50FA458889B}"
EndProject
Project("{FAE04EC0-301F-11D3-BF4B-00C04F79EFBC}") = "Dos.Game.Tests", "Dos.Game.Tests\Dos.Game.Tests.csproj", "{6F091B42-F135-47DA-B6B9-61B79DD8634F}"
EndProject
Project("{FAE04EC0-301F-11D3-BF4B-00C04F79EFBC}") = "Dos.ConsoleClient", "Dos.ConsoleClient\Dos.ConsoleClient.csproj", "{4FEE490D-822A-4B3C-B17F-BF4154A4858E}"
EndProject
Project("{FAE04EC0-301F-11D3-BF4B-00C04F79EFBC}") = "Dos.Utils", "Dos.Utils\Dos.Utils.csproj", "{FFB27365-AB2A-4260-8E55-9C164781FDE8}"
EndProject
Project("{FAE04EC0-301F-11D3-BF4B-00C04F79EFBC}") = "Dos.Database", "Dos.Database\Dos.Database.csproj", "{231A02CB-DACA-4A5B-99F5-61C92A0261F9}"
EndProject
Global
	GlobalSection(SolutionConfigurationPlatforms) = preSolution
		Debug|Any CPU = Debug|Any CPU
		Release|Any CPU = Release|Any CPU
	EndGlobalSection
	GlobalSection(ProjectConfigurationPlatforms) = postSolution
		{539699EF-108F-43DB-BC2B-77807A65872E}.Debug|Any CPU.ActiveCfg = Debug|Any CPU
		{539699EF-108F-43DB-BC2B-77807A65872E}.Debug|Any CPU.Build.0 = Debug|Any CPU
		{539699EF-108F-43DB-BC2B-77807A65872E}.Release|Any CPU.ActiveCfg = Release|Any CPU
		{539699EF-108F-43DB-BC2B-77807A65872E}.Release|Any CPU.Build.0 = Release|Any CPU
		{7B2B86A9-06B2-4864-9235-A50FA458889B}.Debug|Any CPU.ActiveCfg = Debug|Any CPU
		{7B2B86A9-06B2-4864-9235-A50FA458889B}.Debug|Any CPU.Build.0 = Debug|Any CPU
		{7B2B86A9-06B2-4864-9235-A50FA458889B}.Release|Any CPU.ActiveCfg = Release|Any CPU
		{7B2B86A9-06B2-4864-9235-A50FA458889B}.Release|Any CPU.Build.0 = Release|Any CPU
		{6F091B42-F135-47DA-B6B9-61B79DD8634F}.Debug|Any CPU.ActiveCfg = Debug|Any CPU
		{6F091B42-F135-47DA-B6B9-61B79DD8634F}.Debug|Any CPU.Build.0 = Debug|Any CPU
		{6F091B42-F135-47DA-B6B9-61B79DD8634F}.Release|Any CPU.ActiveCfg = Release|Any CPU
		{6F091B42-F135-47DA-B6B9-61B79DD8634F}.Release|Any CPU.Build.0 = Release|Any CPU
		{4FEE490D-822A-4B3C-B17F-BF4154A4858E}.Debug|Any CPU.ActiveCfg = Debug|Any CPU
		{4FEE490D-822A-4B3C-B17F-BF4154A4858E}.Debug|Any CPU.Build.0 = Debug|Any CPU
		{4FEE490D-822A-4B3C-B17F-BF4154A4858E}.Release|Any CPU.ActiveCfg = Release|Any CPU
		{4FEE490D-822A-4B3C-B17F-BF4154A4858E}.Release|Any CPU.Build.0 = Release|Any CPU
		{FFB27365-AB2A-4260-8E55-9C164781FDE8}.Debug|Any CPU.ActiveCfg = Debug|Any CPU
		{FFB27365-AB2A-4260-8E55-9C164781FDE8}.Debug|Any CPU.Build.0 = Debug|Any CPU
		{FFB27365-AB2A-4260-8E55-9C164781FDE8}.Release|Any CPU.ActiveCfg = Release|Any CPU
		{FFB27365-AB2A-4260-8E55-9C164781FDE8}.Release|Any CPU.Build.0 = Release|Any CPU
		{231A02CB-DACA-4A5B-99F5-61C92A0261F9}.Debug|Any CPU.ActiveCfg = Debug|Any CPU
		{231A02CB-DACA-4A5B-99F5-61C92A0261F9}.Debug|Any CPU.Build.0 = Debug|Any CPU
		{231A02CB-DACA-4A5B-99F5-61C92A0261F9}.Release|Any CPU.ActiveCfg = Release|Any CPU
		{231A02CB-DACA-4A5B-99F5-61C92A0261F9}.Release|Any CPU.Build.0 = Release|Any CPU
	EndGlobalSection
EndGlobal
